github.com/muktadiur/gomodone v1.0.1 h1:E3/UJwOjlX9WPkgZ7bJCPypkr8s/GXk7YAmXZhKGUrA=
github.com/muktadiur/gomodone v1.0.1/go.mod h1:dS/aHBRON3ei4VXMehhRK66hvvVwU3zJRVkQDL7/ZG4=
github.com/muktadiur/gomodone v1.0.2 h1:dnJESU8jV7e2RdSaL1fwJCy0tQRMlHlk9LrfYThgows=
github.com/muktadiur/gomodone v1.0.2/go.mod h1:j59Yc3zlhl7pB3V830jnpouMF3dKRQHDsmQ+GhgKbzE=
github.com/muktadiur/gomodtwo v1.0.0 h1:PRYIlorHgqE5VxtEnd2B47y+foW5BTH1lW+5AkxHM7U=
github.com/muktadiur/gomodtwo v1.0.0/go.mod h1:cjzKLm5mSWeKpX5X277rwOeVydIv3Q43V/QnAQTv0g8=
github.com/muktadiur/gomodtwo/v2 v2.0.0 h1:fzIOsSZLkxdQmCKmb4wi/vxsgLh7fhR/eaDCNpSMRmQ=
github.com/muktadiur/gomodtwo/v2 v2.0.0/go.mod h1:lBFLyM8RZqWOAJoh4qYp5IBtkC+gkXunz9/TTArnXmk=
